// !$*UTF8*$!
{
	archiveVersion = 1;
	classes = {
	};
	objectVersion = 56;
	objects = {

/* Begin PBXBuildFile section */
		3FD45EA62E41AFEF00CA2BB3 /* iOSDebouncerUseCaseApp.swift in Sources */ = {isa = PBXBuildFile; fileRef = 3FD45EA52E41AFEF00CA2BB3 /* iOSDebouncerUseCaseApp.swift */; };
		3FD45EA82E41AFEF00CA2BB3 /* ContentView.swift in Sources */ = {isa = PBXBuildFile; fileRef = 3FD45EA72E41AFEF00CA2BB3 /* ContentView.swift */; };
		3FD45EAA2E41AFF100CA2BB3 /* Assets.xcassets in Resources */ = {isa = PBXBuildFile; fileRef = 3FD45EA92E41AFF100CA2BB3 /* Assets.xcassets */; };
		3FD45EAD2E41AFF100CA2BB3 /* Preview Assets.xcassets in Resources */ = {isa = PBXBuildFile; fileRef = 3FD45EAC2E41AFF100CA2BB3 /* Preview Assets.xcassets */; };
		3FD45EB72E41AFF100CA2BB3 /* iOSDebouncerUseCaseTests.swift in Sources */ = {isa = PBXBuildFile; fileRef = 3FD45EB62E41AFF100CA2BB3 /* iOSDebouncerUseCaseTests.swift */; };
		3FD45EC12E41AFF100CA2BB3 /* iOSDebouncerUseCaseUITests.swift in Sources */ = {isa = PBXBuildFile; fileRef = 3FD45EC02E41AFF100CA2BB3 /* iOSDebouncerUseCaseUITests.swift */; };
		3FD45EC32E41AFF100CA2BB3 /* iOSDebouncerUseCaseUITestsLaunchTests.swift in Sources */ = {isa = PBXBuildFile; fileRef = 3FD45EC22E41AFF100CA2BB3 /* iOSDebouncerUseCaseUITestsLaunchTests.swift */; };
/* End PBXBuildFile section */

/* Begin PBXContainerItemProxy section */
		3FD45EB32E41AFF100CA2BB3 /* PBXContainerItemProxy */ = {
			isa = PBXContainerItemProxy;
			containerPortal = 3FD45E9A2E41AFEF00CA2BB3 /* Project object */;
			proxyType = 1;
			remoteGlobalIDString = 3FD45EA12E41AFEF00CA2BB3;
			remoteInfo = iOSDebouncerUseCase;
		};
		3FD45EBD2E41AFF100CA2BB3 /* PBXContainerItemProxy */ = {
			isa = PBXContainerItemProxy;
			containerPortal = 3FD45E9A2E41AFEF00CA2BB3 /* Project object */;
			proxyType = 1;
			remoteGlobalIDString = 3FD45EA12E41AFEF00CA2BB3;
			remoteInfo = iOSDebouncerUseCase;
		};
/* End PBXContainerItemProxy section */

/* Begin PBXFileReference section */
		3FD45EA22E41AFEF00CA2BB3 /* iOSDebouncerUseCase.app */ = {isa = PBXFileReference; explicitFileType = wrapper.application; includeInIndex = 0; path = iOSDebouncerUseCase.app; sourceTree = BUILT_PRODUCTS_DIR; };
		3FD45EA52E41AFEF00CA2BB3 /* iOSDebouncerUseCaseApp.swift */ = {isa = PBXFileReference; lastKnownFileType = sourcecode.swift; path = iOSDebouncerUseCaseApp.swift; sourceTree = "<group>"; };
		3FD45EA72E41AFEF00CA2BB3 /* ContentView.swift */ = {isa = PBXFileReference; lastKnownFileType = sourcecode.swift; path = ContentView.swift; sourceTree = "<group>"; };
		3FD45EA92E41AFF100CA2BB3 /* Assets.xcassets */ = {isa = PBXFileReference; lastKnownFileType = folder.assetcatalog; path = Assets.xcassets; sourceTree = "<group>"; };
		3FD45EAC2E41AFF100CA2BB3 /* Preview Assets.xcassets */ = {isa = PBXFileReference; lastKnownFileType = folder.assetcatalog; path = "Preview Assets.xcassets"; sourceTree = "<group>"; };
		3FD45EB22E41AFF100CA2BB3 /* iOSDebouncerUseCaseTests.xctest */ = {isa = PBXFileReference; explicitFileType = wrapper.cfbundle; includeInIndex = 0; path = iOSDebouncerUseCaseTests.xctest; sourceTree = BUILT_PRODUCTS_DIR; };
		3FD45EB62E41AFF100CA2BB3 /* iOSDebouncerUseCaseTests.swift */ = {isa = PBXFileReference; lastKnownFileType = sourcecode.swift; path = iOSDebouncerUseCaseTests.swift; sourceTree = "<group>"; };
		3FD45EBC2E41AFF100CA2BB3 /* iOSDebouncerUseCaseUITests.xctest */ = {isa = PBXFileReference; explicitFileType = wrapper.cfbundle; includeInIndex = 0; path = iOSDebouncerUseCaseUITests.xctest; sourceTree = BUILT_PRODUCTS_DIR; };
		3FD45EC02E41AFF100CA2BB3 /* iOSDebouncerUseCaseUITests.swift */ = {isa = PBXFileReference; lastKnownFileType = sourcecode.swift; path = iOSDebouncerUseCaseUITests.swift; sourceTree = "<group>"; };
		3FD45EC22E41AFF100CA2BB3 /* iOSDebouncerUseCaseUITestsLaunchTests.swift */ = {isa = PBXFileReference; lastKnownFileType = sourcecode.swift; path = iOSDebouncerUseCaseUITestsLaunchTests.swift; sourceTree = "<group>"; };
/* End PBXFileReference section */

/* Begin PBXFrameworksBuildPhase section */
		3FD45E9F2E41AFEF00CA2BB3 /* Frameworks */ = {
			isa = PBXFrameworksBuildPhase;
			buildActionMask = 2147483647;
			files = (
			);
			runOnlyForDeploymentPostprocessing = 0;
		};
		3FD45EAF2E41AFF100CA2BB3 /* Frameworks */ = {
			isa = PBXFrameworksBuildPhase;
			buildActionMask = 2147483647;
			files = (
			);
			runOnlyForDeploymentPostprocessing = 0;
		};
		3FD45EB92E41AFF100CA2BB3 /* Frameworks */ = {
			isa = PBXFrameworksBuildPhase;
			buildActionMask = 2147483647;
			files = (
			);
			runOnlyForDeploymentPostprocessing = 0;
		};
/* End PBXFrameworksBuildPhase section */

/* Begin PBXGroup section */
		3FD45E992E41AFEF00CA2BB3 = {
			isa = PBXGroup;
			children = (
				3FD45EA42E41AFEF00CA2BB3 /* iOSDebouncerUseCase */,
				3FD45EB52E41AFF100CA2BB3 /* iOSDebouncerUseCaseTests */,
				3FD45EBF2E41AFF100CA2BB3 /* iOSDebouncerUseCaseUITests */,
				3FD45EA32E41AFEF00CA2BB3 /* Products */,
			);
			sourceTree = "<group>";
		};
		3FD45EA32E41AFEF00CA2BB3 /* Products */ = {
			isa = PBXGroup;
			children = (
				3FD45EA22E41AFEF00CA2BB3 /* iOSDebouncerUseCase.app */,
				3FD45EB22E41AFF100CA2BB3 /* iOSDebouncerUseCaseTests.xctest */,
				3FD45EBC2E41AFF100CA2BB3 /* iOSDebouncerUseCaseUITests.xctest */,
			);
			name = Products;
			sourceTree = "<group>";
		};
		3FD45EA42E41AFEF00CA2BB3 /* iOSDebouncerUseCase */ = {
			isa = PBXGroup;
			children = (
				3FD45EA52E41AFEF00CA2BB3 /* iOSDebouncerUseCaseApp.swift */,
				3FD45EA72E41AFEF00CA2BB3 /* ContentView.swift */,
				3FD45EA92E41AFF100CA2BB3 /* Assets.xcassets */,
				3FD45EAB2E41AFF100CA2BB3 /* Preview Content */,
			);
			path = iOSDebouncerUseCase;
			sourceTree = "<group>";
		};
		3FD45EAB2E41AFF100CA2BB3 /* Preview Content */ = {
			isa = PBXGroup;
			children = (
				3FD45EAC2E41AFF100CA2BB3 /* Preview Assets.xcassets */,
			);
			path = "Preview Content";
			sourceTree = "<group>";
		};
		3FD45EB52E41AFF100CA2BB3 /* iOSDebouncerUseCaseTests */ = {
			isa = PBXGroup;
			children = (
				3FD45EB62E41AFF100CA2BB3 /* iOSDebouncerUseCaseTests.swift */,
			);
			path = iOSDebouncerUseCaseTests;
			sourceTree = "<group>";
		};
		3FD45EBF2E41AFF100CA2BB3 /* iOSDebouncerUseCaseUITests */ = {
			isa = PBXGroup;
			children = (
				3FD45EC02E41AFF100CA2BB3 /* iOSDebouncerUseCaseUITests.swift */,
				3FD45EC22E41AFF100CA2BB3 /* iOSDebouncerUseCaseUITestsLaunchTests.swift */,
			);
			path = iOSDebouncerUseCaseUITests;
			sourceTree = "<group>";
		};
/* End PBXGroup section */

/* Begin PBXNativeTarget section */
		3FD45EA12E41AFEF00CA2BB3 /* iOSDebouncerUseCase */ = {
			isa = PBXNativeTarget;
			buildConfigurationList = 3FD45EC62E41AFF100CA2BB3 /* Build configuration list for PBXNativeTarget "iOSDebouncerUseCase" */;
			buildPhases = (
				3FD45E9E2E41AFEF00CA2BB3 /* Sources */,
				3FD45E9F2E41AFEF00CA2BB3 /* Frameworks */,
				3FD45EA02E41AFEF00CA2BB3 /* Resources */,
			);
			buildRules = (
			);
			dependencies = (
			);
			name = iOSDebouncerUseCase;
			productName = iOSDebouncerUseCase;
			productReference = 3FD45EA22E41AFEF00CA2BB3 /* iOSDebouncerUseCase.app */;
			productType = "com.apple.product-type.application";
		};
		3FD45EB12E41AFF100CA2BB3 /* iOSDebouncerUseCaseTests */ = {
			isa = PBXNativeTarget;
			buildConfigurationList = 3FD45EC92E41AFF100CA2BB3 /* Build configuration list for PBXNativeTarget "iOSDebouncerUseCaseTests" */;
			buildPhases = (
				3FD45EAE2E41AFF100CA2BB3 /* Sources */,
				3FD45EAF2E41AFF100CA2BB3 /* Frameworks */,
				3FD45EB02E41AFF100CA2BB3 /* Resources */,
			);
			buildRules = (
			);
			dependencies = (
				3FD45EB42E41AFF100CA2BB3 /* PBXTargetDependency */,
			);
			name = iOSDebouncerUseCaseTests;
			productName = iOSDebouncerUseCaseTests;
			productReference = 3FD45EB22E41AFF100CA2BB3 /* iOSDebouncerUseCaseTests.xctest */;
			productType = "com.apple.product-type.bundle.unit-test";
		};
		3FD45EBB2E41AFF100CA2BB3 /* iOSDebouncerUseCaseUITests */ = {
			isa = PBXNativeTarget;
			buildConfigurationList = 3FD45ECC2E41AFF100CA2BB3 /* Build configuration list for PBXNativeTarget "iOSDebouncerUseCaseUITests" */;
			buildPhases = (
				3FD45EB82E41AFF100CA2BB3 /* Sources */,
				3FD45EB92E41AFF100CA2BB3 /* Frameworks */,
				3FD45EBA2E41AFF100CA2BB3 /* Resources */,
			);
			buildRules = (
			);
			dependencies = (
				3FD45EBE2E41AFF100CA2BB3 /* PBXTargetDependency */,
			);
			name = iOSDebouncerUseCaseUITests;
			productName = iOSDebouncerUseCaseUITests;
			productReference = 3FD45EBC2E41AFF100CA2BB3 /* iOSDebouncerUseCaseUITests.xctest */;
			productType = "com.apple.product-type.bundle.ui-testing";
		};
/* End PBXNativeTarget section */

/* Begin PBXProject section */
		3FD45E9A2E41AFEF00CA2BB3 /* Project object */ = {
			isa = PBXProject;
			attributes = {
				BuildIndependentTargetsInParallel = 1;
				LastSwiftUpdateCheck = 1430;
				LastUpgradeCheck = 1430;
				TargetAttributes = {
					3FD45EA12E41AFEF00CA2BB3 = {
						CreatedOnToolsVersion = 14.3;
					};
					3FD45EB12E41AFF100CA2BB3 = {
						CreatedOnToolsVersion = 14.3;
						TestTargetID = 3FD45EA12E41AFEF00CA2BB3;
					};
					3FD45EBB2E41AFF100CA2BB3 = {
						CreatedOnToolsVersion = 14.3;
						TestTargetID = 3FD45EA12E41AFEF00CA2BB3;
					};
				};
			};
			buildConfigurationList = 3FD45E9D2E41AFEF00CA2BB3 /* Build configuration list for PBXProject "iOSDebouncerUseCase" */;
			compatibilityVersion = "Xcode 14.0";
			developmentRegion = en;
			hasScannedForEncodings = 0;
			knownRegions = (
				en,
				Base,
			);
			mainGroup = 3FD45E992E41AFEF00CA2BB3;
			productRefGroup = 3FD45EA32E41AFEF00CA2BB3 /* Products */;
			projectDirPath = "";
			projectRoot = "";
			targets = (
				3FD45EA12E41AFEF00CA2BB3 /* iOSDebouncerUseCase */,
				3FD45EB12E41AFF100CA2BB3 /* iOSDebouncerUseCaseTests */,
				3FD45EBB2E41AFF100CA2BB3 /* iOSDebouncerUseCaseUITests */,
			);
		};
/* End PBXProject section */

/* Begin PBXResourcesBuildPhase section */
		3FD45EA02E41AFEF00CA2BB3 /* Resources */ = {
			isa = PBXResourcesBuildPhase;
			buildActionMask = 2147483647;
			files = (
				3FD45EAD2E41AFF100CA2BB3 /* Preview Assets.xcassets in Resources */,
				3FD45EAA2E41AFF100CA2BB3 /* Assets.xcassets in Resources */,
			);
			runOnlyForDeploymentPostprocessing = 0;
		};
		3FD45EB02E41AFF100CA2BB3 /* Resources */ = {
			isa = PBXResourcesBuildPhase;
			buildActionMask = 2147483647;
			files = (
			);
			runOnlyForDeploymentPostprocessing = 0;
		};
		3FD45EBA2E41AFF100CA2BB3 /* Resources */ = {
			isa = PBXResourcesBuildPhase;
			buildActionMask = 2147483647;
			files = (
			);
			runOnlyForDeploymentPostprocessing = 0;
		};
/* End PBXResourcesBuildPhase section */

/* Begin PBXSourcesBuildPhase section */
		3FD45E9E2E41AFEF00CA2BB3 /* Sources */ = {
			isa = PBXSourcesBuildPhase;
			buildActionMask = 2147483647;
			files = (
				3FD45EA82E41AFEF00CA2BB3 /* ContentView.swift in Sources */,
				3FD45EA62E41AFEF00CA2BB3 /* iOSDebouncerUseCaseApp.swift in Sources */,
			);
			runOnlyForDeploymentPostprocessing = 0;
		};
		3FD45EAE2E41AFF100CA2BB3 /* Sources */ = {
			isa = PBXSourcesBuildPhase;
			buildActionMask = 2147483647;
			files = (
				3FD45EB72E41AFF100CA2BB3 /* iOSDebouncerUseCaseTests.swift in Sources */,
			);
			runOnlyForDeploymentPostprocessing = 0;
		};
		3FD45EB82E41AFF100CA2BB3 /* Sources */ = {
			isa = PBXSourcesBuildPhase;
			buildActionMask = 2147483647;
			files = (
				3FD45EC32E41AFF100CA2BB3 /* iOSDebouncerUseCaseUITestsLaunchTests.swift in Sources */,
				3FD45EC12E41AFF100CA2BB3 /* iOSDebouncerUseCaseUITests.swift in Sources */,
			);
			runOnlyForDeploymentPostprocessing = 0;
		};
/* End PBXSourcesBuildPhase section */

/* Begin PBXTargetDependency section */
		3FD45EB42E41AFF100CA2BB3 /* PBXTargetDependency */ = {
			isa = PBXTargetDependency;
			target = 3FD45EA12E41AFEF00CA2BB3 /* iOSDebouncerUseCase */;
			targetProxy = 3FD45EB32E41AFF100CA2BB3 /* PBXContainerItemProxy */;
		};
		3FD45EBE2E41AFF100CA2BB3 /* PBXTargetDependency */ = {
			isa = PBXTargetDependency;
			target = 3FD45EA12E41AFEF00CA2BB3 /* iOSDebouncerUseCase */;
			targetProxy = 3FD45EBD2E41AFF100CA2BB3 /* PBXContainerItemProxy */;
		};
/* End PBXTargetDependency section */

/* Begin XCBuildConfiguration section */
		3FD45EC42E41AFF100CA2BB3 /* Debug */ = {
			isa = XCBuildConfiguration;
			buildSettings = {
				ALWAYS_SEARCH_USER_PATHS = NO;
				CLANG_ANALYZER_NONNULL = YES;
				CLANG_ANALYZER_NUMBER_OBJECT_CONVERSION = YES_AGGRESSIVE;
				CLANG_CXX_LANGUAGE_STANDARD = "gnu++20";
				CLANG_ENABLE_MODULES = YES;
				CLANG_ENABLE_OBJC_ARC = YES;
				CLANG_ENABLE_OBJC_WEAK = YES;
				CLANG_WARN_BLOCK_CAPTURE_AUTORELEASING = YES;
				CLANG_WARN_BOOL_CONVERSION = YES;
				CLANG_WARN_COMMA = YES;
				CLANG_WARN_CONSTANT_CONVERSION = YES;
				CLANG_WARN_DEPRECATED_OBJC_IMPLEMENTATIONS = YES;
				CLANG_WARN_DIRECT_OBJC_ISA_USAGE = YES_ERROR;
				CLANG_WARN_DOCUMENTATION_COMMENTS = YES;
				CLANG_WARN_EMPTY_BODY = YES;
				CLANG_WARN_ENUM_CONVERSION = YES;
				CLANG_WARN_INFINITE_RECURSION = YES;
				CLANG_WARN_INT_CONVERSION = YES;
				CLANG_WARN_NON_LITERAL_NULL_CONVERSION = YES;
				CLANG_WARN_OBJC_IMPLICIT_RETAIN_SELF = YES;
				CLANG_WARN_OBJC_LITERAL_CONVERSION = YES;
				CLANG_WARN_OBJC_ROOT_CLASS = YES_ERROR;
				CLANG_WARN_QUOTED_INCLUDE_IN_FRAMEWORK_HEADER = YES;
				CLANG_WARN_RANGE_LOOP_ANALYSIS = YES;
				CLANG_WARN_STRICT_PROTOTYPES = YES;
				CLANG_WARN_SUSPICIOUS_MOVE = YES;
				CLANG_WARN_UNGUARDED_AVAILABILITY = YES_AGGRESSIVE;
				CLANG_WARN_UNREACHABLE_CODE = YES;
				CLANG_WARN__DUPLICATE_METHOD_MATCH = YES;
				COPY_PHASE_STRIP = NO;
				DEBUG_INFORMATION_FORMAT = dwarf;
				ENABLE_STRICT_OBJC_MSGSEND = YES;
				ENABLE_TESTABILITY = YES;
				GCC_C_LANGUAGE_STANDARD = gnu11;
				GCC_DYNAMIC_NO_PIC = NO;
				GCC_NO_COMMON_BLOCKS = YES;
				GCC_OPTIMIZATION_LEVEL = 0;
				GCC_PREPROCESSOR_DEFINITIONS = (
					"DEBUG=1",
					"$(inherited)",
				);
				GCC_WARN_64_TO_32_BIT_CONVERSION = YES;
				GCC_WARN_ABOUT_RETURN_TYPE = YES_ERROR;
				GCC_WARN_UNDECLARED_SELECTOR = YES;
				GCC_WARN_UNINITIALIZED_AUTOS = YES_AGGRESSIVE;
				GCC_WARN_UNUSED_FUNCTION = YES;
				GCC_WARN_UNUSED_VARIABLE = YES;
				IPHONEOS_DEPLOYMENT_TARGET = 16.4;
				MTL_ENABLE_DEBUG_INFO = INCLUDE_SOURCE;
				MTL_FAST_MATH = YES;
				ONLY_ACTIVE_ARCH = YES;
				SDKROOT = iphoneos;
				SWIFT_ACTIVE_COMPILATION_CONDITIONS = DEBUG;
				SWIFT_OPTIMIZATION_LEVEL = "-Onone";
			};
			name = Debug;
		};
		3FD45EC52E41AFF100CA2BB3 /* Release */ = {
			isa = XCBuildConfiguration;
			buildSettings = {
				ALWAYS_SEARCH_USER_PATHS = NO;
				CLANG_ANALYZER_NONNULL = YES;
				CLANG_ANALYZER_NUMBER_OBJECT_CONVERSION = YES_AGGRESSIVE;
				CLANG_CXX_LANGUAGE_STANDARD = "gnu++20";
				CLANG_ENABLE_MODULES = YES;
				CLANG_ENABLE_OBJC_ARC = YES;
				CLANG_ENABLE_OBJC_WEAK = YES;
				CLANG_WARN_BLOCK_CAPTURE_AUTORELEASING = YES;
				CLANG_WARN_BOOL_CONVERSION = YES;
				CLANG_WARN_COMMA = YES;
				CLANG_WARN_CONSTANT_CONVERSION = YES;
				CLANG_WARN_DEPRECATED_OBJC_IMPLEMENTATIONS = YES;
				CLANG_WARN_DIRECT_OBJC_ISA_USAGE = YES_ERROR;
				CLANG_WARN_DOCUMENTATION_COMMENTS = YES;
				CLANG_WARN_EMPTY_BODY = YES;
				CLANG_WARN_ENUM_CONVERSION = YES;
				CLANG_WARN_INFINITE_RECURSION = YES;
				CLANG_WARN_INT_CONVERSION = YES;
				CLANG_WARN_NON_LITERAL_NULL_CONVERSION = YES;
				CLANG_WARN_OBJC_IMPLICIT_RETAIN_SELF = YES;
				CLANG_WARN_OBJC_LITERAL_CONVERSION = YES;
				CLANG_WARN_OBJC_ROOT_CLASS = YES_ERROR;
				CLANG_WARN_QUOTED_INCLUDE_IN_FRAMEWORK_HEADER = YES;
				CLANG_WARN_RANGE_LOOP_ANALYSIS = YES;
				CLANG_WARN_STRICT_PROTOTYPES = YES;
				CLANG_WARN_SUSPICIOUS_MOVE = YES;
				CLANG_WARN_UNGUARDED_AVAILABILITY = YES_AGGRESSIVE;
				CLANG_WARN_UNREACHABLE_CODE = YES;
				CLANG_WARN__DUPLICATE_METHOD_MATCH = YES;
				COPY_PHASE_STRIP = NO;
				DEBUG_INFORMATION_FORMAT = "dwarf-with-dsym";
				ENABLE_NS_ASSERTIONS = NO;
				ENABLE_STRICT_OBJC_MSGSEND = YES;
				GCC_C_LANGUAGE_STANDARD = gnu11;
				GCC_NO_COMMON_BLOCKS = YES;
				GCC_WARN_64_TO_32_BIT_CONVERSION = YES;
				GCC_WARN_ABOUT_RETURN_TYPE = YES_ERROR;
				GCC_WARN_UNDECLARED_SELECTOR = YES;
				GCC_WARN_UNINITIALIZED_AUTOS = YES_AGGRESSIVE;
				GCC_WARN_UNUSED_FUNCTION = YES;
				GCC_WARN_UNUSED_VARIABLE = YES;
				IPHONEOS_DEPLOYMENT_TARGET = 16.4;
				MTL_ENABLE_DEBUG_INFO = NO;
				MTL_FAST_MATH = YES;
				SDKROOT = iphoneos;
				SWIFT_COMPILATION_MODE = wholemodule;
				SWIFT_OPTIMIZATION_LEVEL = "-O";
				VALIDATE_PRODUCT = YES;
			};
			name = Release;
		};
		3FD45EC72E41AFF100CA2BB3 /* Debug */ = {
			isa = XCBuildConfiguration;
			buildSettings = {
				ASSETCATALOG_COMPILER_APPICON_NAME = AppIcon;
				ASSETCATALOG_COMPILER_GLOBAL_ACCENT_COLOR_NAME = AccentColor;
				CODE_SIGN_STYLE = Automatic;
				CURRENT_PROJECT_VERSION = 1;
				DEVELOPMENT_ASSET_PATHS = "\"iOSDebouncerUseCase/Preview Content\"";
				ENABLE_PREVIEWS = YES;
				GENERATE_INFOPLIST_FILE = YES;
				INFOPLIST_KEY_UIApplicationSceneManifest_Generation = YES;
				INFOPLIST_KEY_UIApplicationSupportsIndirectInputEvents = YES;
				INFOPLIST_KEY_UILaunchScreen_Generation = YES;
				INFOPLIST_KEY_UISupportedInterfaceOrientations_iPad = "UIInterfaceOrientationPortrait UIInterfaceOrientationPortraitUpsideDown UIInterfaceOrientationLandscapeLeft UIInterfaceOrientationLandscapeRight";
				INFOPLIST_KEY_UISupportedInterfaceOrientations_iPhone = "UIInterfaceOrientationPortrait UIInterfaceOrientationLandscapeLeft UIInterfaceOrientationLandscapeRight";
				LD_RUNPATH_SEARCH_PATHS = (
					"$(inherited)",
					"@executable_path/Frameworks",
				);
				MARKETING_VERSION = 1.0;
				PRODUCT_BUNDLE_IDENTIFIER = iOS.Deedeepya.com.iOSDebouncerUseCase;
				PRODUCT_NAME = "$(TARGET_NAME)";
				SWIFT_EMIT_LOC_STRINGS = YES;
				SWIFT_VERSION = 5.0;
				TARGETED_DEVICE_FAMILY = "1,2";
			};
			name = Debug;
		};
		3FD45EC82E41AFF100CA2BB3 /* Release */ = {
			isa = XCBuildConfiguration;
			buildSettings = {
				ASSETCATALOG_COMPILER_APPICON_NAME = AppIcon;
				ASSETCATALOG_COMPILER_GLOBAL_ACCENT_COLOR_NAME = AccentColor;
				CODE_SIGN_STYLE = Automatic;
				CURRENT_PROJECT_VERSION = 1;
				DEVELOPMENT_ASSET_PATHS = "\"iOSDebouncerUseCase/Preview Content\"";
				ENABLE_PREVIEWS = YES;
				GENERATE_INFOPLIST_FILE = YES;
				INFOPLIST_KEY_UIApplicationSceneManifest_Generation = YES;
				INFOPLIST_KEY_UIApplicationSupportsIndirectInputEvents = YES;
				INFOPLIST_KEY_UILaunchScreen_Generation = YES;
				INFOPLIST_KEY_UISupportedInterfaceOrientations_iPad = "UIInterfaceOrientationPortrait UIInterfaceOrientationPortraitUpsideDown UIInterfaceOrientationLandscapeLeft UIInterfaceOrientationLandscapeRight";
				INFOPLIST_KEY_UISupportedInterfaceOrientations_iPhone = "UIInterfaceOrientationPortrait UIInterfaceOrientationLandscapeLeft UIInterfaceOrientationLandscapeRight";
				LD_RUNPATH_SEARCH_PATHS = (
					"$(inherited)",
					"@executable_path/Frameworks",
				);
				MARKETING_VERSION = 1.0;
				PRODUCT_BUNDLE_IDENTIFIER = iOS.Deedeepya.com.iOSDebouncerUseCase;
				PRODUCT_NAME = "$(TARGET_NAME)";
				SWIFT_EMIT_LOC_STRINGS = YES;
				SWIFT_VERSION = 5.0;
				TARGETED_DEVICE_FAMILY = "1,2";
			};
			name = Release;
		};
		3FD45ECA2E41AFF100CA2BB3 /* Debug */ = {
			isa = XCBuildConfiguration;
			buildSettings = {
				ALWAYS_EMBED_SWIFT_STANDARD_LIBRARIES = YES;
				BUNDLE_LOADER = "$(TEST_HOST)";
				CODE_SIGN_STYLE = Automatic;
				CURRENT_PROJECT_VERSION = 1;
				GENERATE_INFOPLIST_FILE = YES;
				IPHONEOS_DEPLOYMENT_TARGET = 16.4;
				MARKETING_VERSION = 1.0;
				PRODUCT_BUNDLE_IDENTIFIER = iOS.Deedeepya.com.iOSDebouncerUseCaseTests;
				PRODUCT_NAME = "$(TARGET_NAME)";
				SWIFT_EMIT_LOC_STRINGS = NO;
				SWIFT_VERSION = 5.0;
				TARGETED_DEVICE_FAMILY = "1,2";
				TEST_HOST = "$(BUILT_PRODUCTS_DIR)/iOSDebouncerUseCase.app/$(BUNDLE_EXECUTABLE_FOLDER_PATH)/iOSDebouncerUseCase";
			};
			name = Debug;
		};
		3FD45ECB2E41AFF100CA2BB3 /* Release */ = {
			isa = XCBuildConfiguration;
			buildSettings = {
				ALWAYS_EMBED_SWIFT_STANDARD_LIBRARIES = YES;
				BUNDLE_LOADER = "$(TEST_HOST)";
				CODE_SIGN_STYLE = Automatic;
				CURRENT_PROJECT_VERSION = 1;
				GENERATE_INFOPLIST_FILE = YES;
				IPHONEOS_DEPLOYMENT_TARGET = 16.4;
				MARKETING_VERSION = 1.0;
				PRODUCT_BUNDLE_IDENTIFIER = iOS.Deedeepya.com.iOSDebouncerUseCaseTests;
				PRODUCT_NAME = "$(TARGET_NAME)";
				SWIFT_EMIT_LOC_STRINGS = NO;
				SWIFT_VERSION = 5.0;
				TARGETED_DEVICE_FAMILY = "1,2";
				TEST_HOST = "$(BUILT_PRODUCTS_DIR)/iOSDebouncerUseCase.app/$(BUNDLE_EXECUTABLE_FOLDER_PATH)/iOSDebouncerUseCase";
			};
			name = Release;
		};
		3FD45ECD2E41AFF100CA2BB3 /* Debug */ = {
			isa = XCBuildConfiguration;
			buildSettings = {
				ALWAYS_EMBED_SWIFT_STANDARD_LIBRARIES = YES;
				CODE_SIGN_STYLE = Automatic;
				CURRENT_PROJECT_VERSION = 1;
				GENERATE_INFOPLIST_FILE = YES;
				MARKETING_VERSION = 1.0;
				PRODUCT_BUNDLE_IDENTIFIER = iOS.Deedeepya.com.iOSDebouncerUseCaseUITests;
				PRODUCT_NAME = "$(TARGET_NAME)";
				SWIFT_EMIT_LOC_STRINGS = NO;
				SWIFT_VERSION = 5.0;
				TARGETED_DEVICE_FAMILY = "1,2";
				TEST_TARGET_NAME = iOSDebouncerUseCase;
			};
			name = Debug;
		};
		3FD45ECE2E41AFF100CA2BB3 /* Release */ = {
			isa = XCBuildConfiguration;
			buildSettings = {
				ALWAYS_EMBED_SWIFT_STANDARD_LIBRARIES = YES;
				CODE_SIGN_STYLE = Automatic;
				CURRENT_PROJECT_VERSION = 1;
				GENERATE_INFOPLIST_FILE = YES;
				MARKETING_VERSION = 1.0;
				PRODUCT_BUNDLE_IDENTIFIER = iOS.Deedeepya.com.iOSDebouncerUseCaseUITests;
				PRODUCT_NAME = "$(TARGET_NAME)";
				SWIFT_EMIT_LOC_STRINGS = NO;
				SWIFT_VERSION = 5.0;
				TARGETED_DEVICE_FAMILY = "1,2";
				TEST_TARGET_NAME = iOSDebouncerUseCase;
			};
			name = Release;
		};
/* End XCBuildConfiguration section */

/* Begin XCConfigurationList section */
		3FD45E9D2E41AFEF00CA2BB3 /* Build configuration list for PBXProject "iOSDebouncerUseCase" */ = {
			isa = XCConfigurationList;
			buildConfigurations = (
				3FD45EC42E41AFF100CA2BB3 /* Debug */,
				3FD45EC52E41AFF100CA2BB3 /* Release */,
			);
			defaultConfigurationIsVisible = 0;
			defaultConfigurationName = Release;
		};
		3FD45EC62E41AFF100CA2BB3 /* Build configuration list for PBXNativeTarget "iOSDebouncerUseCase" */ = {
			isa = XCConfigurationList;
			buildConfigurations = (
				3FD45EC72E41AFF100CA2BB3 /* Debug */,
				3FD45EC82E41AFF100CA2BB3 /* Release */,
			);
			defaultConfigurationIsVisible = 0;
			defaultConfigurationName = Release;
		};
		3FD45EC92E41AFF100CA2BB3 /* Build configuration list for PBXNativeTarget "iOSDebouncerUseCaseTests" */ = {
			isa = XCConfigurationList;
			buildConfigurations = (
				3FD45ECA2E41AFF100CA2BB3 /* Debug */,
				3FD45ECB2E41AFF100CA2BB3 /* Release */,
			);
			defaultConfigurationIsVisible = 0;
			defaultConfigurationName = Release;
		};
		3FD45ECC2E41AFF100CA2BB3 /* Build configuration list for PBXNativeTarget "iOSDebouncerUseCaseUITests" */ = {
			isa = XCConfigurationList;
			buildConfigurations = (
				3FD45ECD2E41AFF100CA2BB3 /* Debug */,
				3FD45ECE2E41AFF100CA2BB3 /* Release */,
			);
			defaultConfigurationIsVisible = 0;
			defaultConfigurationName = Release;
		};
/* End XCConfigurationList section */
	};
	rootObject = 3FD45E9A2E41AFEF00CA2BB3 /* Project object */;
}
